// !$*UTF8*$!
{
	archiveVersion = 1;
	classes = {
	};
	objectVersion = 50;
	objects = {

/* Begin PBXBuildFile section */
		B075B19B232E04A000E7D2BF /* AppDelegate.swift in Sources */ = {isa = PBXBuildFile; fileRef = B075B19A232E04A000E7D2BF /* AppDelegate.swift */; };
		B075B19D232E04A000E7D2BF /* ViewController.swift in Sources */ = {isa = PBXBuildFile; fileRef = B075B19C232E04A000E7D2BF /* ViewController.swift */; };
		B075B1A0232E04A000E7D2BF /* Main.storyboard in Resources */ = {isa = PBXBuildFile; fileRef = B075B19E232E04A000E7D2BF /* Main.storyboard */; };
		B075B1A2232E04A200E7D2BF /* Assets.xcassets in Resources */ = {isa = PBXBuildFile; fileRef = B075B1A1232E04A200E7D2BF /* Assets.xcassets */; };
		B075B1A5232E04A200E7D2BF /* LaunchScreen.storyboard in Resources */ = {isa = PBXBuildFile; fileRef = B075B1A3232E04A200E7D2BF /* LaunchScreen.storyboard */; };
		B075B1B0232E04A200E7D2BF /* SimpleTableTests.swift in Sources */ = {isa = PBXBuildFile; fileRef = B075B1AF232E04A200E7D2BF /* SimpleTableTests.swift */; };
		B075B1BB232E04A200E7D2BF /* SimpleTableUITests.swift in Sources */ = {isa = PBXBuildFile; fileRef = B075B1BA232E04A200E7D2BF /* SimpleTableUITests.swift */; };
/* End PBXBuildFile section */

/* Begin PBXContainerItemProxy section */
		B075B1AC232E04A200E7D2BF /* PBXContainerItemProxy */ = {
			isa = PBXContainerItemProxy;
			containerPortal = B075B18F232E04A000E7D2BF /* Project object */;
			proxyType = 1;
			remoteGlobalIDString = B075B196232E04A000E7D2BF;
			remoteInfo = SimpleTable;
		};
		B075B1B7232E04A200E7D2BF /* PBXContainerItemProxy */ = {
			isa = PBXContainerItemProxy;
			containerPortal = B075B18F232E04A000E7D2BF /* Project object */;
			proxyType = 1;
			remoteGlobalIDString = B075B196232E04A000E7D2BF;
			remoteInfo = SimpleTable;
		};
/* End PBXContainerItemProxy section */

/* Begin PBXFileReference section */
		B075B197232E04A000E7D2BF /* SimpleTable.app */ = {isa = PBXFileReference; explicitFileType = wrapper.application; includeInIndex = 0; path = SimpleTable.app; sourceTree = BUILT_PRODUCTS_DIR; };
		B075B19A232E04A000E7D2BF /* AppDelegate.swift */ = {isa = PBXFileReference; lastKnownFileType = sourcecode.swift; path = AppDelegate.swift; sourceTree = "<group>"; };
		B075B19C232E04A000E7D2BF /* ViewController.swift */ = {isa = PBXFileReference; lastKnownFileType = sourcecode.swift; path = ViewController.swift; sourceTree = "<group>"; };
		B075B19F232E04A000E7D2BF /* Base */ = {isa = PBXFileReference; lastKnownFileType = file.storyboard; name = Base; path = Base.lproj/Main.storyboard; sourceTree = "<group>"; };
		B075B1A1232E04A200E7D2BF /* Assets.xcassets */ = {isa = PBXFileReference; lastKnownFileType = folder.assetcatalog; path = Assets.xcassets; sourceTree = "<group>"; };
		B075B1A4232E04A200E7D2BF /* Base */ = {isa = PBXFileReference; lastKnownFileType = file.storyboard; name = Base; path = Base.lproj/LaunchScreen.storyboard; sourceTree = "<group>"; };
		B075B1A6232E04A200E7D2BF /* Info.plist */ = {isa = PBXFileReference; lastKnownFileType = text.plist.xml; path = Info.plist; sourceTree = "<group>"; };
		B075B1AB232E04A200E7D2BF /* SimpleTableTests.xctest */ = {isa = PBXFileReference; explicitFileType = wrapper.cfbundle; includeInIndex = 0; path = SimpleTableTests.xctest; sourceTree = BUILT_PRODUCTS_DIR; };
		B075B1AF232E04A200E7D2BF /* SimpleTableTests.swift */ = {isa = PBXFileReference; lastKnownFileType = sourcecode.swift; path = SimpleTableTests.swift; sourceTree = "<group>"; };
		B075B1B1232E04A200E7D2BF /* Info.plist */ = {isa = PBXFileReference; lastKnownFileType = text.plist.xml; path = Info.plist; sourceTree = "<group>"; };
		B075B1B6232E04A200E7D2BF /* SimpleTableUITests.xctest */ = {isa = PBXFileReference; explicitFileType = wrapper.cfbundle; includeInIndex = 0; path = SimpleTableUITests.xctest; sourceTree = BUILT_PRODUCTS_DIR; };
		B075B1BA232E04A200E7D2BF /* SimpleTableUITests.swift */ = {isa = PBXFileReference; lastKnownFileType = sourcecode.swift; path = SimpleTableUITests.swift; sourceTree = "<group>"; };
		B075B1BC232E04A200E7D2BF /* Info.plist */ = {isa = PBXFileReference; lastKnownFileType = text.plist.xml; path = Info.plist; sourceTree = "<group>"; };
/* End PBXFileReference section */

/* Begin PBXFrameworksBuildPhase section */
		B075B194232E04A000E7D2BF /* Frameworks */ = {
			isa = PBXFrameworksBuildPhase;
			buildActionMask = 2147483647;
			files = (
			);
			runOnlyForDeploymentPostprocessing = 0;
		};
		B075B1A8232E04A200E7D2BF /* Frameworks */ = {
			isa = PBXFrameworksBuildPhase;
			buildActionMask = 2147483647;
			files = (
			);
			runOnlyForDeploymentPostprocessing = 0;
		};
		B075B1B3232E04A200E7D2BF /* Frameworks */ = {
			isa = PBXFrameworksBuildPhase;
			buildActionMask = 2147483647;
			files = (
			);
			runOnlyForDeploymentPostprocessing = 0;
		};
/* End PBXFrameworksBuildPhase section */

/* Begin PBXGroup section */
		B075B18E232E04A000E7D2BF = {
			isa = PBXGroup;
			children = (
				B075B199232E04A000E7D2BF /* SimpleTable */,
				B075B1AE232E04A200E7D2BF /* SimpleTableTests */,
				B075B1B9232E04A200E7D2BF /* SimpleTableUITests */,
				B075B198232E04A000E7D2BF /* Products */,
			);
			sourceTree = "<group>";
		};
		B075B198232E04A000E7D2BF /* Products */ = {
			isa = PBXGroup;
			children = (
				B075B197232E04A000E7D2BF /* SimpleTable.app */,
				B075B1AB232E04A200E7D2BF /* SimpleTableTests.xctest */,
				B075B1B6232E04A200E7D2BF /* SimpleTableUITests.xctest */,
			);
			name = Products;
			sourceTree = "<group>";
		};
		B075B199232E04A000E7D2BF /* SimpleTable */ = {
			isa = PBXGroup;
			children = (
				B075B19A232E04A000E7D2BF /* AppDelegate.swift */,
				B075B19C232E04A000E7D2BF /* ViewController.swift */,
				B075B19E232E04A000E7D2BF /* Main.storyboard */,
				B075B1A1232E04A200E7D2BF /* Assets.xcassets */,
				B075B1A3232E04A200E7D2BF /* LaunchScreen.storyboard */,
				B075B1A6232E04A200E7D2BF /* Info.plist */,
			);
			path = SimpleTable;
			sourceTree = "<group>";
		};
		B075B1AE232E04A200E7D2BF /* SimpleTableTests */ = {
			isa = PBXGroup;
			children = (
				B075B1AF232E04A200E7D2BF /* SimpleTableTests.swift */,
				B075B1B1232E04A200E7D2BF /* Info.plist */,
			);
			path = SimpleTableTests;
			sourceTree = "<group>";
		};
		B075B1B9232E04A200E7D2BF /* SimpleTableUITests */ = {
			isa = PBXGroup;
			children = (
				B075B1BA232E04A200E7D2BF /* SimpleTableUITests.swift */,
				B075B1BC232E04A200E7D2BF /* Info.plist */,
			);
			path = SimpleTableUITests;
			sourceTree = "<group>";
		};
/* End PBXGroup section */

/* Begin PBXNativeTarget section */
		B075B196232E04A000E7D2BF /* SimpleTable */ = {
			isa = PBXNativeTarget;
			buildConfigurationList = B075B1BF232E04A200E7D2BF /* Build configuration list for PBXNativeTarget "SimpleTable" */;
			buildPhases = (
				B075B193232E04A000E7D2BF /* Sources */,
				B075B194232E04A000E7D2BF /* Frameworks */,
				B075B195232E04A000E7D2BF /* Resources */,
			);
			buildRules = (
			);
			dependencies = (
			);
			name = SimpleTable;
			productName = SimpleTable;
			productReference = B075B197232E04A000E7D2BF /* SimpleTable.app */;
			productType = "com.apple.product-type.application";
		};
		B075B1AA232E04A200E7D2BF /* SimpleTableTests */ = {
			isa = PBXNativeTarget;
			buildConfigurationList = B075B1C2232E04A200E7D2BF /* Build configuration list for PBXNativeTarget "SimpleTableTests" */;
			buildPhases = (
				B075B1A7232E04A200E7D2BF /* Sources */,
				B075B1A8232E04A200E7D2BF /* Frameworks */,
				B075B1A9232E04A200E7D2BF /* Resources */,
			);
			buildRules = (
			);
			dependencies = (
				B075B1AD232E04A200E7D2BF /* PBXTargetDependency */,
			);
			name = SimpleTableTests;
			productName = SimpleTableTests;
			productReference = B075B1AB232E04A200E7D2BF /* SimpleTableTests.xctest */;
			productType = "com.apple.product-type.bundle.unit-test";
		};
		B075B1B5232E04A200E7D2BF /* SimpleTableUITests */ = {
			isa = PBXNativeTarget;
			buildConfigurationList = B075B1C5232E04A200E7D2BF /* Build configuration list for PBXNativeTarget "SimpleTableUITests" */;
			buildPhases = (
				B075B1B2232E04A200E7D2BF /* Sources */,
				B075B1B3232E04A200E7D2BF /* Frameworks */,
				B075B1B4232E04A200E7D2BF /* Resources */,
			);
			buildRules = (
			);
			dependencies = (
				B075B1B8232E04A200E7D2BF /* PBXTargetDependency */,
			);
			name = SimpleTableUITests;
			productName = SimpleTableUITests;
			productReference = B075B1B6232E04A200E7D2BF /* SimpleTableUITests.xctest */;
			productType = "com.apple.product-type.bundle.ui-testing";
		};
/* End PBXNativeTarget section */

/* Begin PBXProject section */
		B075B18F232E04A000E7D2BF /* Project object */ = {
			isa = PBXProject;
			attributes = {
				LastSwiftUpdateCheck = 1030;
				LastUpgradeCheck = 1030;
				ORGANIZATIONNAME = "Joe Guo";
				TargetAttributes = {
					B075B196232E04A000E7D2BF = {
						CreatedOnToolsVersion = 10.3;
					};
					B075B1AA232E04A200E7D2BF = {
						CreatedOnToolsVersion = 10.3;
						TestTargetID = B075B196232E04A000E7D2BF;
					};
					B075B1B5232E04A200E7D2BF = {
						CreatedOnToolsVersion = 10.3;
						TestTargetID = B075B196232E04A000E7D2BF;
					};
				};
			};
			buildConfigurationList = B075B192232E04A000E7D2BF /* Build configuration list for PBXProject "SimpleTable" */;
			compatibilityVersion = "Xcode 9.3";
			developmentRegion = en;
			hasScannedForEncodings = 0;
			knownRegions = (
				en,
				Base,
			);
			mainGroup = B075B18E232E04A000E7D2BF;
			productRefGroup = B075B198232E04A000E7D2BF /* Products */;
			projectDirPath = "";
			projectRoot = "";
			targets = (
				B075B196232E04A000E7D2BF /* SimpleTable */,
				B075B1AA232E04A200E7D2BF /* SimpleTableTests */,
				B075B1B5232E04A200E7D2BF /* SimpleTableUITests */,
			);
		};
/* End PBXProject section */

/* Begin PBXResourcesBuildPhase section */
		B075B195232E04A000E7D2BF /* Resources */ = {
			isa = PBXResourcesBuildPhase;
			buildActionMask = 2147483647;
			files = (
				B075B1A5232E04A200E7D2BF /* LaunchScreen.storyboard in Resources */,
				B075B1A2232E04A200E7D2BF /* Assets.xcassets in Resources */,
				B075B1A0232E04A000E7D2BF /* Main.storyboard in Resources */,
			);
			runOnlyForDeploymentPostprocessing = 0;
		};
		B075B1A9232E04A200E7D2BF /* Resources */ = {
			isa = PBXResourcesBuildPhase;
			buildActionMask = 2147483647;
			files = (
			);
			runOnlyForDeploymentPostprocessing = 0;
		};
		B075B1B4232E04A200E7D2BF /* Resources */ = {
			isa = PBXResourcesBuildPhase;
			buildActionMask = 2147483647;
			files = (
			);
			runOnlyForDeploymentPostprocessing = 0;
		};
/* End PBXResourcesBuildPhase section */

/* Begin PBXSourcesBuildPhase section */
		B075B193232E04A000E7D2BF /* Sources */ = {
			isa = PBXSourcesBuildPhase;
			buildActionMask = 2147483647;
			files = (
				B075B19D232E04A000E7D2BF /* ViewController.swift in Sources */,
				B075B19B232E04A000E7D2BF /* AppDelegate.swift in Sources */,
			);
			runOnlyForDeploymentPostprocessing = 0;
		};
		B075B1A7232E04A200E7D2BF /* Sources */ = {
			isa = PBXSourcesBuildPhase;
			buildActionMask = 2147483647;
			files = (
				B075B1B0232E04A200E7D2BF /* SimpleTableTests.swift in Sources */,
			);
			runOnlyForDeploymentPostprocessing = 0;
		};
		B075B1B2232E04A200E7D2BF /* Sources */ = {
			isa = PBXSourcesBuildPhase;
			buildActionMask = 2147483647;
			files = (
				B075B1BB232E04A200E7D2BF /* SimpleTableUITests.swift in Sources */,
			);
			runOnlyForDeploymentPostprocessing = 0;
		};
/* End PBXSourcesBuildPhase section */

/* Begin PBXTargetDependency section */
		B075B1AD232E04A200E7D2BF /* PBXTargetDependency */ = {
			isa = PBXTargetDependency;
			target = B075B196232E04A000E7D2BF /* SimpleTable */;
			targetProxy = B075B1AC232E04A200E7D2BF /* PBXContainerItemProxy */;
		};
		B075B1B8232E04A200E7D2BF /* PBXTargetDependency */ = {
			isa = PBXTargetDependency;
			target = B075B196232E04A000E7D2BF /* SimpleTable */;
			targetProxy = B075B1B7232E04A200E7D2BF /* PBXContainerItemProxy */;
		};
/* End PBXTargetDependency section */

/* Begin PBXVariantGroup section */
		B075B19E232E04A000E7D2BF /* Main.storyboard */ = {
			isa = PBXVariantGroup;
			children = (
				B075B19F232E04A000E7D2BF /* Base */,
			);
			name = Main.storyboard;
			sourceTree = "<group>";
		};
		B075B1A3232E04A200E7D2BF /* LaunchScreen.storyboard */ = {
			isa = PBXVariantGroup;
			children = (
				B075B1A4232E04A200E7D2BF /* Base */,
			);
			name = LaunchScreen.storyboard;
			sourceTree = "<group>";
		};
/* End PBXVariantGroup section */

/* Begin XCBuildConfiguration section */
		B075B1BD232E04A200E7D2BF /* Debug */ = {
			isa = XCBuildConfiguration;
			buildSettings = {
				ALWAYS_SEARCH_USER_PATHS = NO;
				CLANG_ANALYZER_NONNULL = YES;
				CLANG_ANALYZER_NUMBER_OBJECT_CONVERSION = YES_AGGRESSIVE;
				CLANG_CXX_LANGUAGE_STANDARD = "gnu++14";
				CLANG_CXX_LIBRARY = "libc++";
				CLANG_ENABLE_MODULES = YES;
				CLANG_ENABLE_OBJC_ARC = YES;
				CLANG_ENABLE_OBJC_WEAK = YES;
				CLANG_WARN_BLOCK_CAPTURE_AUTORELEASING = YES;
				CLANG_WARN_BOOL_CONVERSION = YES;
				CLANG_WARN_COMMA = YES;
				CLANG_WARN_CONSTANT_CONVERSION = YES;
				CLANG_WARN_DEPRECATED_OBJC_IMPLEMENTATIONS = YES;
				CLANG_WARN_DIRECT_OBJC_ISA_USAGE = YES_ERROR;
				CLANG_WARN_DOCUMENTATION_COMMENTS = YES;
				CLANG_WARN_EMPTY_BODY = YES;
				CLANG_WARN_ENUM_CONVERSION = YES;
				CLANG_WARN_INFINITE_RECURSION = YES;
				CLANG_WARN_INT_CONVERSION = YES;
				CLANG_WARN_NON_LITERAL_NULL_CONVERSION = YES;
				CLANG_WARN_OBJC_IMPLICIT_RETAIN_SELF = YES;
				CLANG_WARN_OBJC_LITERAL_CONVERSION = YES;
				CLANG_WARN_OBJC_ROOT_CLASS = YES_ERROR;
				CLANG_WARN_RANGE_LOOP_ANALYSIS = YES;
				CLANG_WARN_STRICT_PROTOTYPES = YES;
				CLANG_WARN_SUSPICIOUS_MOVE = YES;
				CLANG_WARN_UNGUARDED_AVAILABILITY = YES_AGGRESSIVE;
				CLANG_WARN_UNREACHABLE_CODE = YES;
				CLANG_WARN__DUPLICATE_METHOD_MATCH = YES;
				CODE_SIGN_IDENTITY = "iPhone Developer";
				COPY_PHASE_STRIP = NO;
				DEBUG_INFORMATION_FORMAT = dwarf;
				ENABLE_STRICT_OBJC_MSGSEND = YES;
				ENABLE_TESTABILITY = YES;
				GCC_C_LANGUAGE_STANDARD = gnu11;
				GCC_DYNAMIC_NO_PIC = NO;
				GCC_NO_COMMON_BLOCKS = YES;
				GCC_OPTIMIZATION_LEVEL = 0;
				GCC_PREPROCESSOR_DEFINITIONS = (
					"DEBUG=1",
					"$(inherited)",
				);
				GCC_WARN_64_TO_32_BIT_CONVERSION = YES;
				GCC_WARN_ABOUT_RETURN_TYPE = YES_ERROR;
				GCC_WARN_UNDECLARED_SELECTOR = YES;
				GCC_WARN_UNINITIALIZED_AUTOS = YES_AGGRESSIVE;
				GCC_WARN_UNUSED_FUNCTION = YES;
				GCC_WARN_UNUSED_VARIABLE = YES;
				IPHONEOS_DEPLOYMENT_TARGET = 12.4;
				MTL_ENABLE_DEBUG_INFO = INCLUDE_SOURCE;
				MTL_FAST_MATH = YES;
				ONLY_ACTIVE_ARCH = YES;
				SDKROOT = iphoneos;
				SWIFT_ACTIVE_COMPILATION_CONDITIONS = DEBUG;
				SWIFT_OPTIMIZATION_LEVEL = "-Onone";
			};
			name = Debug;
		};
		B075B1BE232E04A200E7D2BF /* Release */ = {
			isa = XCBuildConfiguration;
			buildSettings = {
				ALWAYS_SEARCH_USER_PATHS = NO;
				CLANG_ANALYZER_NONNULL = YES;
				CLANG_ANALYZER_NUMBER_OBJECT_CONVERSION = YES_AGGRESSIVE;
				CLANG_CXX_LANGUAGE_STANDARD = "gnu++14";
				CLANG_CXX_LIBRARY = "libc++";
				CLANG_ENABLE_MODULES = YES;
				CLANG_ENABLE_OBJC_ARC = YES;
				CLANG_ENABLE_OBJC_WEAK = YES;
				CLANG_WARN_BLOCK_CAPTURE_AUTORELEASING = YES;
				CLANG_WARN_BOOL_CONVERSION = YES;
				CLANG_WARN_COMMA = YES;
				CLANG_WARN_CONSTANT_CONVERSION = YES;
				CLANG_WARN_DEPRECATED_OBJC_IMPLEMENTATIONS = YES;
				CLANG_WARN_DIRECT_OBJC_ISA_USAGE = YES_ERROR;
				CLANG_WARN_DOCUMENTATION_COMMENTS = YES;
				CLANG_WARN_EMPTY_BODY = YES;
				CLANG_WARN_ENUM_CONVERSION = YES;
				CLANG_WARN_INFINITE_RECURSION = YES;
				CLANG_WARN_INT_CONVERSION = YES;
				CLANG_WARN_NON_LITERAL_NULL_CONVERSION = YES;
				CLANG_WARN_OBJC_IMPLICIT_RETAIN_SELF = YES;
				CLANG_WARN_OBJC_LITERAL_CONVERSION = YES;
				CLANG_WARN_OBJC_ROOT_CLASS = YES_ERROR;
				CLANG_WARN_RANGE_LOOP_ANALYSIS = YES;
				CLANG_WARN_STRICT_PROTOTYPES = YES;
				CLANG_WARN_SUSPICIOUS_MOVE = YES;
				CLANG_WARN_UNGUARDED_AVAILABILITY = YES_AGGRESSIVE;
				CLANG_WARN_UNREACHABLE_CODE = YES;
				CLANG_WARN__DUPLICATE_METHOD_MATCH = YES;
				CODE_SIGN_IDENTITY = "iPhone Developer";
				COPY_PHASE_STRIP = NO;
				DEBUG_INFORMATION_FORMAT = "dwarf-with-dsym";
				ENABLE_NS_ASSERTIONS = NO;
				ENABLE_STRICT_OBJC_MSGSEND = YES;
				GCC_C_LANGUAGE_STANDARD = gnu11;
				GCC_NO_COMMON_BLOCKS = YES;
				GCC_WARN_64_TO_32_BIT_CONVERSION = YES;
				GCC_WARN_ABOUT_RETURN_TYPE = YES_ERROR;
				GCC_WARN_UNDECLARED_SELECTOR = YES;
				GCC_WARN_UNINITIALIZED_AUTOS = YES_AGGRESSIVE;
				GCC_WARN_UNUSED_FUNCTION = YES;
				GCC_WARN_UNUSED_VARIABLE = YES;
				IPHONEOS_DEPLOYMENT_TARGET = 12.4;
				MTL_ENABLE_DEBUG_INFO = NO;
				MTL_FAST_MATH = YES;
				SDKROOT = iphoneos;
				SWIFT_COMPILATION_MODE = wholemodule;
				SWIFT_OPTIMIZATION_LEVEL = "-O";
				VALIDATE_PRODUCT = YES;
			};
			name = Release;
		};
		B075B1C0232E04A200E7D2BF /* Debug */ = {
			isa = XCBuildConfiguration;
			buildSettings = {
				ASSETCATALOG_COMPILER_APPICON_NAME = AppIcon;
				CODE_SIGN_STYLE = Automatic;
				DEVELOPMENT_TEAM = 25S57RN83G;
				INFOPLIST_FILE = SimpleTable/Info.plist;
				LD_RUNPATH_SEARCH_PATHS = (
					"$(inherited)",
					"@executable_path/Frameworks",
				);
				PRODUCT_BUNDLE_IDENTIFIER = com.learn.SimpleTable;
				PRODUCT_NAME = "$(TARGET_NAME)";
				SWIFT_VERSION = 5.0;
				TARGETED_DEVICE_FAMILY = "1,2";
			};
			name = Debug;
		};
		B075B1C1232E04A200E7D2BF /* Release */ = {
			isa = XCBuildConfiguration;
			buildSettings = {
				ASSETCATALOG_COMPILER_APPICON_NAME = AppIcon;
				CODE_SIGN_STYLE = Automatic;
				DEVELOPMENT_TEAM = 25S57RN83G;
				INFOPLIST_FILE = SimpleTable/Info.plist;
				LD_RUNPATH_SEARCH_PATHS = (
					"$(inherited)",
					"@executable_path/Frameworks",
				);
				PRODUCT_BUNDLE_IDENTIFIER = com.learn.SimpleTable;
				PRODUCT_NAME = "$(TARGET_NAME)";
				SWIFT_VERSION = 5.0;
				TARGETED_DEVICE_FAMILY = "1,2";
			};
			name = Release;
		};
		B075B1C3232E04A200E7D2BF /* Debug */ = {
			isa = XCBuildConfiguration;
			buildSettings = {
				ALWAYS_EMBED_SWIFT_STANDARD_LIBRARIES = YES;
				BUNDLE_LOADER = "$(TEST_HOST)";
				CODE_SIGN_STYLE = Automatic;
				DEVELOPMENT_TEAM = 25S57RN83G;
				INFOPLIST_FILE = SimpleTableTests/Info.plist;
				LD_RUNPATH_SEARCH_PATHS = (
					"$(inherited)",
					"@executable_path/Frameworks",
					"@loader_path/Frameworks",
				);
				PRODUCT_BUNDLE_IDENTIFIER = com.learn.SimpleTableTests;
				PRODUCT_NAME = "$(TARGET_NAME)";
				SWIFT_VERSION = 5.0;
				TARGETED_DEVICE_FAMILY = "1,2";
				TEST_HOST = "$(BUILT_PRODUCTS_DIR)/SimpleTable.app/SimpleTable";
			};
			name = Debug;
		};
		B075B1C4232E04A200E7D2BF /* Release */ = {
			isa = XCBuildConfiguration;
			buildSettings = {
				ALWAYS_EMBED_SWIFT_STANDARD_LIBRARIES = YES;
				BUNDLE_LOADER = "$(TEST_HOST)";
				CODE_SIGN_STYLE = Automatic;
				DEVELOPMENT_TEAM = 25S57RN83G;
				INFOPLIST_FILE = SimpleTableTests/Info.plist;
				LD_RUNPATH_SEARCH_PATHS = (
					"$(inherited)",
					"@executable_path/Frameworks",
					"@loader_path/Frameworks",
				);
				PRODUCT_BUNDLE_IDENTIFIER = com.learn.SimpleTableTests;
				PRODUCT_NAME = "$(TARGET_NAME)";
				SWIFT_VERSION = 5.0;
				TARGETED_DEVICE_FAMILY = "1,2";
				TEST_HOST = "$(BUILT_PRODUCTS_DIR)/SimpleTable.app/SimpleTable";
			};
			name = Release;
		};
		B075B1C6232E04A200E7D2BF /* Debug */ = {
			isa = XCBuildConfiguration;
			buildSettings = {
				ALWAYS_EMBED_SWIFT_STANDARD_LIBRARIES = YES;
				CODE_SIGN_STYLE = Automatic;
				DEVELOPMENT_TEAM = 25S57RN83G;
				INFOPLIST_FILE = SimpleTableUITests/Info.plist;
				LD_RUNPATH_SEARCH_PATHS = (
					"$(inherited)",
					"@executable_path/Frameworks",
					"@loader_path/Frameworks",
				);
				PRODUCT_BUNDLE_IDENTIFIER = com.learn.SimpleTableUITests;
				PRODUCT_NAME = "$(TARGET_NAME)";
				SWIFT_VERSION = 5.0;
				TARGETED_DEVICE_FAMILY = "1,2";
				TEST_TARGET_NAME = SimpleTable;
			};
			name = Debug;
		};
		B075B1C7232E04A200E7D2BF /* Release */ = {
			isa = XCBuildConfiguration;
			buildSettings = {
				ALWAYS_EMBED_SWIFT_STANDARD_LIBRARIES = YES;
				CODE_SIGN_STYLE = Automatic;
				DEVELOPMENT_TEAM = 25S57RN83G;
				INFOPLIST_FILE = SimpleTableUITests/Info.plist;
				LD_RUNPATH_SEARCH_PATHS = (
					"$(inherited)",
					"@executable_path/Frameworks",
					"@loader_path/Frameworks",
				);
				PRODUCT_BUNDLE_IDENTIFIER = com.learn.SimpleTableUITests;
				PRODUCT_NAME = "$(TARGET_NAME)";
				SWIFT_VERSION = 5.0;
				TARGETED_DEVICE_FAMILY = "1,2";
				TEST_TARGET_NAME = SimpleTable;
			};
			name = Release;
		};
/* End XCBuildConfiguration section */

/* Begin XCConfigurationList section */
		B075B192232E04A000E7D2BF /* Build configuration list for PBXProject "SimpleTable" */ = {
			isa = XCConfigurationList;
			buildConfigurations = (
				B075B1BD232E04A200E7D2BF /* Debug */,
				B075B1BE232E04A200E7D2BF /* Release */,
			);
			defaultConfigurationIsVisible = 0;
			defaultConfigurationName = Release;
		};
		B075B1BF232E04A200E7D2BF /* Build configuration list for PBXNativeTarget "SimpleTable" */ = {
			isa = XCConfigurationList;
			buildConfigurations = (
				B075B1C0232E04A200E7D2BF /* Debug */,
				B075B1C1232E04A200E7D2BF /* Release */,
			);
			defaultConfigurationIsVisible = 0;
			defaultConfigurationName = Release;
		};
		B075B1C2232E04A200E7D2BF /* Build configuration list for PBXNativeTarget "SimpleTableTests" */ = {
			isa = XCConfigurationList;
			buildConfigurations = (
				B075B1C3232E04A200E7D2BF /* Debug */,
				B075B1C4232E04A200E7D2BF /* Release */,
			);
			defaultConfigurationIsVisible = 0;
			defaultConfigurationName = Release;
		};
		B075B1C5232E04A200E7D2BF /* Build configuration list for PBXNativeTarget "SimpleTableUITests" */ = {
			isa = XCConfigurationList;
			buildConfigurations = (
				B075B1C6232E04A200E7D2BF /* Debug */,
				B075B1C7232E04A200E7D2BF /* Release */,
			);
			defaultConfigurationIsVisible = 0;
			defaultConfigurationName = Release;
		};
/* End XCConfigurationList section */
	};
	rootObject = B075B18F232E04A000E7D2BF /* Project object */;
}
